// !$*UTF8*$!
{
	archiveVersion = 1;
	classes = {
	};
	objectVersion = 77;
	objects = {

/* Begin PBXBuildFile section */
		73611DDC2D01FD8F00868529 /* FirebaseFunctions in Frameworks */ = {isa = PBXBuildFile; productRef = 73611DDB2D01FD8F00868529 /* FirebaseFunctions */; };
		736EC68C2D3C475E00664BA1 /* PhoneNumberKit in Frameworks */ = {isa = PBXBuildFile; productRef = 736EC68B2D3C475E00664BA1 /* PhoneNumberKit */; };
		73C0986F2CB9B2A900477F4A /* FirebaseAnalyticsWithoutAdIdSupport in Frameworks */ = {isa = PBXBuildFile; productRef = 73C0986E2CB9B2A900477F4A /* FirebaseAnalyticsWithoutAdIdSupport */; };
		73D868C62CED5F7000AF0CAD /* FirebaseAuth in Frameworks */ = {isa = PBXBuildFile; productRef = 73D868C52CED5F7000AF0CAD /* FirebaseAuth */; };
		73D868C82CED5F7000AF0CAD /* FirebaseCore in Frameworks */ = {isa = PBXBuildFile; productRef = 73D868C72CED5F7000AF0CAD /* FirebaseCore */; };
		73D868CA2CED5F7000AF0CAD /* FirebaseDatabase in Frameworks */ = {isa = PBXBuildFile; productRef = 73D868C92CED5F7000AF0CAD /* FirebaseDatabase */; };
		73D868CC2CED5F7000AF0CAD /* FirebaseFirestore in Frameworks */ = {isa = PBXBuildFile; productRef = 73D868CB2CED5F7000AF0CAD /* FirebaseFirestore */; };
		73D869962CF02DA000AF0CAD /* FirebaseStorage in Frameworks */ = {isa = PBXBuildFile; productRef = 73D869952CF02DA000AF0CAD /* FirebaseStorage */; };
/* End PBXBuildFile section */

/* Begin PBXContainerItemProxy section */
		73266DBC2CAEDBF80087B7A1 /* PBXContainerItemProxy */ = {
			isa = PBXContainerItemProxy;
			containerPortal = 73266DA12CAEDBF60087B7A1 /* Project object */;
			proxyType = 1;
			remoteGlobalIDString = 73266DA82CAEDBF60087B7A1;
			remoteInfo = TrailMates;
		};
		73266DC62CAEDBF80087B7A1 /* PBXContainerItemProxy */ = {
			isa = PBXContainerItemProxy;
			containerPortal = 73266DA12CAEDBF60087B7A1 /* Project object */;
			proxyType = 1;
			remoteGlobalIDString = 73266DA82CAEDBF60087B7A1;
			remoteInfo = TrailMates;
		};
/* End PBXContainerItemProxy section */

/* Begin PBXFileReference section */
		73266DA92CAEDBF60087B7A1 /* TrailMatesATX.app */ = {isa = PBXFileReference; explicitFileType = wrapper.application; includeInIndex = 0; path = TrailMatesATX.app; sourceTree = BUILT_PRODUCTS_DIR; };
		73266DBB2CAEDBF80087B7A1 /* TrailMatesATXTests.xctest */ = {isa = PBXFileReference; explicitFileType = wrapper.cfbundle; includeInIndex = 0; path = TrailMatesATXTests.xctest; sourceTree = BUILT_PRODUCTS_DIR; };
		73266DC52CAEDBF80087B7A1 /* TrailMatesATXUITests.xctest */ = {isa = PBXFileReference; explicitFileType = wrapper.cfbundle; includeInIndex = 0; path = TrailMatesATXUITests.xctest; sourceTree = BUILT_PRODUCTS_DIR; };
		73D869872CEFEBDC00AF0CAD /* TrailMatesATX.entitlements */ = {isa = PBXFileReference; lastKnownFileType = text.plist.entitlements; path = TrailMatesATX.entitlements; sourceTree = "<group>"; };
/* End PBXFileReference section */

/* Begin PBXFileSystemSynchronizedBuildFileExceptionSet section */
		732D9AD62CE5ADF3004F62E7 /* Exceptions for "TrailMates" folder in "TrailMatesATX" target */ = {
			isa = PBXFileSystemSynchronizedBuildFileExceptionSet;
			membershipExceptions = (
				App/Info.plist,
				Config.xcconfig,
				"Preview Content/Preview Assets.xcassets",
				"Resources/Preview Content/Preview Assets.xcassets",
			);
			target = 73266DA82CAEDBF60087B7A1 /* TrailMatesATX */;
		};
/* End PBXFileSystemSynchronizedBuildFileExceptionSet section */

/* Begin PBXFileSystemSynchronizedRootGroup section */
		73266DAB2CAEDBF60087B7A1 /* TrailMates */ = {
			isa = PBXFileSystemSynchronizedRootGroup;
			exceptions = (
				732D9AD62CE5ADF3004F62E7 /* Exceptions for "TrailMates" folder in "TrailMatesATX" target */,
			);
			path = TrailMates;
			sourceTree = "<group>";
		};
		73266DBE2CAEDBF80087B7A1 /* TrailMatesTests */ = {
			isa = PBXFileSystemSynchronizedRootGroup;
			path = TrailMatesTests;
			sourceTree = "<group>";
		};
		73266DC82CAEDBF80087B7A1 /* TrailMatesUITests */ = {
			isa = PBXFileSystemSynchronizedRootGroup;
			path = TrailMatesUITests;
			sourceTree = "<group>";
		};
/* End PBXFileSystemSynchronizedRootGroup section */

/* Begin PBXFrameworksBuildPhase section */
		73266DA62CAEDBF60087B7A1 /* Frameworks */ = {
			isa = PBXFrameworksBuildPhase;
			buildActionMask = 2147483647;
			files = (
				73C0986F2CB9B2A900477F4A /* FirebaseAnalyticsWithoutAdIdSupport in Frameworks */,
				73D868C82CED5F7000AF0CAD /* FirebaseCore in Frameworks */,
				73611DDC2D01FD8F00868529 /* FirebaseFunctions in Frameworks */,
				73D868CA2CED5F7000AF0CAD /* FirebaseDatabase in Frameworks */,
				73D868CC2CED5F7000AF0CAD /* FirebaseFirestore in Frameworks */,
				73D869962CF02DA000AF0CAD /* FirebaseStorage in Frameworks */,
				736EC68C2D3C475E00664BA1 /* PhoneNumberKit in Frameworks */,
				73D868C62CED5F7000AF0CAD /* FirebaseAuth in Frameworks */,
			);
			runOnlyForDeploymentPostprocessing = 0;
		};
		73266DB82CAEDBF80087B7A1 /* Frameworks */ = {
			isa = PBXFrameworksBuildPhase;
			buildActionMask = 2147483647;
			files = (
			);
			runOnlyForDeploymentPostprocessing = 0;
		};
		73266DC22CAEDBF80087B7A1 /* Frameworks */ = {
			isa = PBXFrameworksBuildPhase;
			buildActionMask = 2147483647;
			files = (
			);
			runOnlyForDeploymentPostprocessing = 0;
		};
/* End PBXFrameworksBuildPhase section */

/* Begin PBXGroup section */
		73266DA02CAEDBF60087B7A1 = {
			isa = PBXGroup;
			children = (
				73D869872CEFEBDC00AF0CAD /* TrailMatesATX.entitlements */,
				73266DAB2CAEDBF60087B7A1 /* TrailMates */,
				73266DBE2CAEDBF80087B7A1 /* TrailMatesTests */,
				73266DC82CAEDBF80087B7A1 /* TrailMatesUITests */,
				73266DAA2CAEDBF60087B7A1 /* Products */,
			);
			sourceTree = "<group>";
		};
		73266DAA2CAEDBF60087B7A1 /* Products */ = {
			isa = PBXGroup;
			children = (
				73266DA92CAEDBF60087B7A1 /* TrailMatesATX.app */,
				73266DBB2CAEDBF80087B7A1 /* TrailMatesATXTests.xctest */,
				73266DC52CAEDBF80087B7A1 /* TrailMatesATXUITests.xctest */,
			);
			name = Products;
			sourceTree = "<group>";
		};
/* End PBXGroup section */

/* Begin PBXNativeTarget section */
		73266DA82CAEDBF60087B7A1 /* TrailMatesATX */ = {
			isa = PBXNativeTarget;
			buildConfigurationList = 73266DCF2CAEDBF80087B7A1 /* Build configuration list for PBXNativeTarget "TrailMatesATX" */;
			buildPhases = (
				73266DA52CAEDBF60087B7A1 /* Sources */,
				73266DA62CAEDBF60087B7A1 /* Frameworks */,
				73D868B72CE6A29700AF0CAD /* Resources */,
			);
			buildRules = (
			);
			dependencies = (
			);
			fileSystemSynchronizedGroups = (
				73266DAB2CAEDBF60087B7A1 /* TrailMates */,
			);
			name = TrailMatesATX;
			packageProductDependencies = (
				73C0986E2CB9B2A900477F4A /* FirebaseAnalyticsWithoutAdIdSupport */,
				73D868C52CED5F7000AF0CAD /* FirebaseAuth */,
				73D868C72CED5F7000AF0CAD /* FirebaseCore */,
				73D868C92CED5F7000AF0CAD /* FirebaseDatabase */,
				73D868CB2CED5F7000AF0CAD /* FirebaseFirestore */,
				73D869952CF02DA000AF0CAD /* FirebaseStorage */,
				73611DDB2D01FD8F00868529 /* FirebaseFunctions */,
				736EC68B2D3C475E00664BA1 /* PhoneNumberKit */,
			);
			productName = TrailMates;
			productReference = 73266DA92CAEDBF60087B7A1 /* TrailMatesATX.app */;
			productType = "com.apple.product-type.application";
		};
		73266DBA2CAEDBF80087B7A1 /* TrailMatesATXTests */ = {
			isa = PBXNativeTarget;
			buildConfigurationList = 73266DD22CAEDBF80087B7A1 /* Build configuration list for PBXNativeTarget "TrailMatesATXTests" */;
			buildPhases = (
				73266DB72CAEDBF80087B7A1 /* Sources */,
				73266DB82CAEDBF80087B7A1 /* Frameworks */,
				73266DB92CAEDBF80087B7A1 /* Resources */,
			);
			buildRules = (
			);
			dependencies = (
				73266DBD2CAEDBF80087B7A1 /* PBXTargetDependency */,
			);
			fileSystemSynchronizedGroups = (
				73266DBE2CAEDBF80087B7A1 /* TrailMatesTests */,
			);
			name = TrailMatesATXTests;
			productName = TrailMatesTests;
			productReference = 73266DBB2CAEDBF80087B7A1 /* TrailMatesATXTests.xctest */;
			productType = "com.apple.product-type.bundle.unit-test";
		};
		73266DC42CAEDBF80087B7A1 /* TrailMatesATXUITests */ = {
			isa = PBXNativeTarget;
			buildConfigurationList = 73266DD52CAEDBF80087B7A1 /* Build configuration list for PBXNativeTarget "TrailMatesATXUITests" */;
			buildPhases = (
				73266DC12CAEDBF80087B7A1 /* Sources */,
				73266DC22CAEDBF80087B7A1 /* Frameworks */,
				73266DC32CAEDBF80087B7A1 /* Resources */,
			);
			buildRules = (
			);
			dependencies = (
				73266DC72CAEDBF80087B7A1 /* PBXTargetDependency */,
			);
			fileSystemSynchronizedGroups = (
				73266DC82CAEDBF80087B7A1 /* TrailMatesUITests */,
			);
			name = TrailMatesATXUITests;
			productName = TrailMatesUITests;
			productReference = 73266DC52CAEDBF80087B7A1 /* TrailMatesATXUITests.xctest */;
			productType = "com.apple.product-type.bundle.ui-testing";
		};
/* End PBXNativeTarget section */

/* Begin PBXProject section */
		73266DA12CAEDBF60087B7A1 /* Project object */ = {
			isa = PBXProject;
			attributes = {
				BuildIndependentTargetsInParallel = 1;
				LastSwiftUpdateCheck = 1600;
				LastUpgradeCheck = 2620;
				TargetAttributes = {
					73266DA82CAEDBF60087B7A1 = {
						CreatedOnToolsVersion = 16.0;
					};
					73266DBA2CAEDBF80087B7A1 = {
						CreatedOnToolsVersion = 16.0;
						TestTargetID = 73266DA82CAEDBF60087B7A1;
					};
					73266DC42CAEDBF80087B7A1 = {
						CreatedOnToolsVersion = 16.0;
						TestTargetID = 73266DA82CAEDBF60087B7A1;
					};
				};
			};
			buildConfigurationList = 73266DA42CAEDBF60087B7A1 /* Build configuration list for PBXProject "TrailMatesATX" */;
			developmentRegion = en;
			hasScannedForEncodings = 0;
			knownRegions = (
				en,
				Base,
			);
			mainGroup = 73266DA02CAEDBF60087B7A1;
			minimizedProjectReferenceProxies = 1;
			packageReferences = (
				73C0986D2CB9B2A900477F4A /* XCRemoteSwiftPackageReference "firebase-ios-sdk" */,
				736EC68A2D3C475E00664BA1 /* XCRemoteSwiftPackageReference "PhoneNumberKit" */,
			);
			preferredProjectObjectVersion = 77;
			productRefGroup = 73266DAA2CAEDBF60087B7A1 /* Products */;
			projectDirPath = "";
			projectRoot = "";
			targets = (
				73266DA82CAEDBF60087B7A1 /* TrailMatesATX */,
				73266DBA2CAEDBF80087B7A1 /* TrailMatesATXTests */,
				73266DC42CAEDBF80087B7A1 /* TrailMatesATXUITests */,
			);
		};
/* End PBXProject section */

/* Begin PBXResourcesBuildPhase section */
		73266DB92CAEDBF80087B7A1 /* Resources */ = {
			isa = PBXResourcesBuildPhase;
			buildActionMask = 2147483647;
			files = (
			);
			runOnlyForDeploymentPostprocessing = 0;
		};
		73266DC32CAEDBF80087B7A1 /* Resources */ = {
			isa = PBXResourcesBuildPhase;
			buildActionMask = 2147483647;
			files = (
			);
			runOnlyForDeploymentPostprocessing = 0;
		};
		73D868B72CE6A29700AF0CAD /* Resources */ = {
			isa = PBXResourcesBuildPhase;
			buildActionMask = 2147483647;
			files = (
			);
			runOnlyForDeploymentPostprocessing = 0;
		};
/* End PBXResourcesBuildPhase section */

/* Begin PBXSourcesBuildPhase section */
		73266DA52CAEDBF60087B7A1 /* Sources */ = {
			isa = PBXSourcesBuildPhase;
			buildActionMask = 2147483647;
			files = (
			);
			runOnlyForDeploymentPostprocessing = 0;
		};
		73266DB72CAEDBF80087B7A1 /* Sources */ = {
			isa = PBXSourcesBuildPhase;
			buildActionMask = 2147483647;
			files = (
			);
			runOnlyForDeploymentPostprocessing = 0;
		};
		73266DC12CAEDBF80087B7A1 /* Sources */ = {
			isa = PBXSourcesBuildPhase;
			buildActionMask = 2147483647;
			files = (
			);
			runOnlyForDeploymentPostprocessing = 0;
		};
/* End PBXSourcesBuildPhase section */

/* Begin PBXTargetDependency section */
		73266DBD2CAEDBF80087B7A1 /* PBXTargetDependency */ = {
			isa = PBXTargetDependency;
			target = 73266DA82CAEDBF60087B7A1 /* TrailMatesATX */;
			targetProxy = 73266DBC2CAEDBF80087B7A1 /* PBXContainerItemProxy */;
		};
		73266DC72CAEDBF80087B7A1 /* PBXTargetDependency */ = {
			isa = PBXTargetDependency;
			target = 73266DA82CAEDBF60087B7A1 /* TrailMatesATX */;
			targetProxy = 73266DC62CAEDBF80087B7A1 /* PBXContainerItemProxy */;
		};
/* End PBXTargetDependency section */

/* Begin XCBuildConfiguration section */
		73266DCD2CAEDBF80087B7A1 /* Debug */ = {
			isa = XCBuildConfiguration;
			buildSettings = {
				ALWAYS_SEARCH_USER_PATHS = NO;
				ASSETCATALOG_COMPILER_GENERATE_SWIFT_ASSET_SYMBOL_EXTENSIONS = YES;
				CLANG_ANALYZER_NONNULL = YES;
				CLANG_ANALYZER_NUMBER_OBJECT_CONVERSION = YES_AGGRESSIVE;
				CLANG_CXX_LANGUAGE_STANDARD = "gnu++20";
				CLANG_ENABLE_MODULES = YES;
				CLANG_ENABLE_OBJC_ARC = YES;
				CLANG_ENABLE_OBJC_WEAK = YES;
				CLANG_WARN_BLOCK_CAPTURE_AUTORELEASING = YES;
				CLANG_WARN_BOOL_CONVERSION = YES;
				CLANG_WARN_COMMA = YES;
				CLANG_WARN_CONSTANT_CONVERSION = YES;
				CLANG_WARN_DEPRECATED_OBJC_IMPLEMENTATIONS = YES;
				CLANG_WARN_DIRECT_OBJC_ISA_USAGE = YES_ERROR;
				CLANG_WARN_DOCUMENTATION_COMMENTS = YES;
				CLANG_WARN_EMPTY_BODY = YES;
				CLANG_WARN_ENUM_CONVERSION = YES;
				CLANG_WARN_INFINITE_RECURSION = YES;
				CLANG_WARN_INT_CONVERSION = YES;
				CLANG_WARN_NON_LITERAL_NULL_CONVERSION = YES;
				CLANG_WARN_OBJC_IMPLICIT_RETAIN_SELF = YES;
				CLANG_WARN_OBJC_LITERAL_CONVERSION = YES;
				CLANG_WARN_OBJC_ROOT_CLASS = YES_ERROR;
				CLANG_WARN_QUOTED_INCLUDE_IN_FRAMEWORK_HEADER = YES;
				CLANG_WARN_RANGE_LOOP_ANALYSIS = YES;
				CLANG_WARN_STRICT_PROTOTYPES = YES;
				CLANG_WARN_SUSPICIOUS_MOVE = YES;
				CLANG_WARN_UNGUARDED_AVAILABILITY = YES_AGGRESSIVE;
				CLANG_WARN_UNREACHABLE_CODE = YES;
				CLANG_WARN__DUPLICATE_METHOD_MATCH = YES;
				COPY_PHASE_STRIP = NO;
				DEBUG_INFORMATION_FORMAT = dwarf;
				DEVELOPMENT_TEAM = BN58T9KR6C;
				ENABLE_STRICT_OBJC_MSGSEND = YES;
				ENABLE_TESTABILITY = YES;
				ENABLE_USER_SCRIPT_SANDBOXING = YES;
				GCC_C_LANGUAGE_STANDARD = gnu17;
				GCC_DYNAMIC_NO_PIC = NO;
				GCC_NO_COMMON_BLOCKS = YES;
				GCC_OPTIMIZATION_LEVEL = 0;
				GCC_PREPROCESSOR_DEFINITIONS = (
					"DEBUG=1",
					"$(inherited)",
				);
				GCC_WARN_64_TO_32_BIT_CONVERSION = YES;
				GCC_WARN_ABOUT_RETURN_TYPE = YES_ERROR;
				GCC_WARN_UNDECLARED_SELECTOR = YES;
				GCC_WARN_UNINITIALIZED_AUTOS = YES_AGGRESSIVE;
				GCC_WARN_UNUSED_FUNCTION = YES;
				GCC_WARN_UNUSED_VARIABLE = YES;
				IPHONEOS_DEPLOYMENT_TARGET = 17.0;
				LOCALIZATION_PREFERS_STRING_CATALOGS = YES;
				MTL_ENABLE_DEBUG_INFO = INCLUDE_SOURCE;
				MTL_FAST_MATH = YES;
				ONLY_ACTIVE_ARCH = YES;
				SDKROOT = iphoneos;
				STRING_CATALOG_GENERATE_SYMBOLS = YES;
				SWIFT_ACTIVE_COMPILATION_CONDITIONS = "DEBUG $(inherited)";
				SWIFT_OPTIMIZATION_LEVEL = "-Onone";
			};
			name = Debug;
		};
		73266DCE2CAEDBF80087B7A1 /* Release */ = {
			isa = XCBuildConfiguration;
			buildSettings = {
				ALWAYS_SEARCH_USER_PATHS = NO;
				ASSETCATALOG_COMPILER_GENERATE_SWIFT_ASSET_SYMBOL_EXTENSIONS = YES;
				CLANG_ANALYZER_NONNULL = YES;
				CLANG_ANALYZER_NUMBER_OBJECT_CONVERSION = YES_AGGRESSIVE;
				CLANG_CXX_LANGUAGE_STANDARD = "gnu++20";
				CLANG_ENABLE_MODULES = YES;
				CLANG_ENABLE_OBJC_ARC = YES;
				CLANG_ENABLE_OBJC_WEAK = YES;
				CLANG_WARN_BLOCK_CAPTURE_AUTORELEASING = YES;
				CLANG_WARN_BOOL_CONVERSION = YES;
				CLANG_WARN_COMMA = YES;
				CLANG_WARN_CONSTANT_CONVERSION = YES;
				CLANG_WARN_DEPRECATED_OBJC_IMPLEMENTATIONS = YES;
				CLANG_WARN_DIRECT_OBJC_ISA_USAGE = YES_ERROR;
				CLANG_WARN_DOCUMENTATION_COMMENTS = YES;
				CLANG_WARN_EMPTY_BODY = YES;
				CLANG_WARN_ENUM_CONVERSION = YES;
				CLANG_WARN_INFINITE_RECURSION = YES;
				CLANG_WARN_INT_CONVERSION = YES;
				CLANG_WARN_NON_LITERAL_NULL_CONVERSION = YES;
				CLANG_WARN_OBJC_IMPLICIT_RETAIN_SELF = YES;
				CLANG_WARN_OBJC_LITERAL_CONVERSION = YES;
				CLANG_WARN_OBJC_ROOT_CLASS = YES_ERROR;
				CLANG_WARN_QUOTED_INCLUDE_IN_FRAMEWORK_HEADER = YES;
				CLANG_WARN_RANGE_LOOP_ANALYSIS = YES;
				CLANG_WARN_STRICT_PROTOTYPES = YES;
				CLANG_WARN_SUSPICIOUS_MOVE = YES;
				CLANG_WARN_UNGUARDED_AVAILABILITY = YES_AGGRESSIVE;
				CLANG_WARN_UNREACHABLE_CODE = YES;
				CLANG_WARN__DUPLICATE_METHOD_MATCH = YES;
				COPY_PHASE_STRIP = NO;
				DEBUG_INFORMATION_FORMAT = "dwarf-with-dsym";
				DEVELOPMENT_TEAM = BN58T9KR6C;
				ENABLE_NS_ASSERTIONS = NO;
				ENABLE_STRICT_OBJC_MSGSEND = YES;
				ENABLE_USER_SCRIPT_SANDBOXING = YES;
				GCC_C_LANGUAGE_STANDARD = gnu17;
				GCC_NO_COMMON_BLOCKS = YES;
				GCC_WARN_64_TO_32_BIT_CONVERSION = YES;
				GCC_WARN_ABOUT_RETURN_TYPE = YES_ERROR;
				GCC_WARN_UNDECLARED_SELECTOR = YES;
				GCC_WARN_UNINITIALIZED_AUTOS = YES_AGGRESSIVE;
				GCC_WARN_UNUSED_FUNCTION = YES;
				GCC_WARN_UNUSED_VARIABLE = YES;
				IPHONEOS_DEPLOYMENT_TARGET = 17.0;
				LOCALIZATION_PREFERS_STRING_CATALOGS = YES;
				MTL_ENABLE_DEBUG_INFO = NO;
				MTL_FAST_MATH = YES;
				SDKROOT = iphoneos;
				STRING_CATALOG_GENERATE_SYMBOLS = YES;
				SWIFT_COMPILATION_MODE = wholemodule;
				VALIDATE_PRODUCT = YES;
			};
			name = Release;
		};
		73266DD02CAEDBF80087B7A1 /* Debug */ = {
			isa = XCBuildConfiguration;
			buildSettings = {
				ASSETCATALOG_COMPILER_APPICON_NAME = AppIcon;
				ASSETCATALOG_COMPILER_GLOBAL_ACCENT_COLOR_NAME = AccentColor;
				CODE_SIGN_ENTITLEMENTS = TrailMatesATX.entitlements;
				CODE_SIGN_STYLE = Automatic;
				CURRENT_PROJECT_VERSION = 1;
				DEVELOPMENT_ASSET_PATHS = "\"TrailMates/Preview Content\"";
				ENABLE_PREVIEWS = YES;
				ENABLE_USER_SCRIPT_SANDBOXING = NO;
				FIREBASE_AUTH_URL_SCHEME = "app-1-1095294471657-ios-db7b33e63e3bd7c4eb8f78";
				GENERATE_INFOPLIST_FILE = YES;
				GOOGLE_API_KEY = AIzaSyCh9HAMvbBha5EdxUYthSeZ041tfllrcCI;
				INFOPLIST_FILE = TrailMates/App/Info.plist;
				INFOPLIST_KEY_CFBundleDisplayName = TrailMates;
				INFOPLIST_KEY_LSApplicationCategoryType = "public.app-category.lifestyle";
				INFOPLIST_KEY_LSSupportsOpeningDocumentsInPlace = NO;
				INFOPLIST_KEY_NSCameraUsageDescription = "TrailMates needs camera access to take your profile photo.";
				INFOPLIST_KEY_NSContactsUsageDescription = "TrailMates uses your contacts to help you find friends who already use the app.";
				INFOPLIST_KEY_NSLocationAlwaysAndWhenInUseUsageDescription = "TrailMates uses your location in the background to share your live position with friends while you're on the trail.";
				INFOPLIST_KEY_NSLocationWhenInUseUsageDescription = "TrailMates uses your location to show nearby friends and trail events.";
				INFOPLIST_KEY_UIApplicationSceneManifest_Generation = YES;
				INFOPLIST_KEY_UIApplicationSupportsIndirectInputEvents = YES;
				INFOPLIST_KEY_UILaunchScreen_Generation = YES;
				INFOPLIST_KEY_UISupportedInterfaceOrientations = UIInterfaceOrientationPortrait;
				INFOPLIST_KEY_UISupportedInterfaceOrientations_iPad = "UIInterfaceOrientationLandscapeLeft UIInterfaceOrientationLandscapeRight UIInterfaceOrientationPortrait UIInterfaceOrientationPortraitUpsideDown";
				INFOPLIST_KEY_UISupportedInterfaceOrientations_iPhone = UIInterfaceOrientationPortrait;
				LD_RUNPATH_SEARCH_PATHS = (
					"$(inherited)",
					"@executable_path/Frameworks",
				);
				MARKETING_VERSION = 1.0;
				PRODUCT_BUNDLE_IDENTIFIER = com.bridges.trailmatesatx;
				PRODUCT_NAME = "$(TARGET_NAME)";
				SUPPORTED_PLATFORMS = "iphoneos iphonesimulator";
				SUPPORTS_MACCATALYST = NO;
				SUPPORTS_MAC_DESIGNED_FOR_IPHONE_IPAD = NO;
				SUPPORTS_XR_DESIGNED_FOR_IPHONE_IPAD = NO;
				SWIFT_EMIT_LOC_STRINGS = YES;
				SWIFT_VERSION = 5.0;
				TARGETED_DEVICE_FAMILY = 1;
			};
			name = Debug;
		};
		73266DD12CAEDBF80087B7A1 /* Release */ = {
			isa = XCBuildConfiguration;
			buildSettings = {
				ASSETCATALOG_COMPILER_APPICON_NAME = AppIcon;
				ASSETCATALOG_COMPILER_GLOBAL_ACCENT_COLOR_NAME = AccentColor;
				CODE_SIGN_ENTITLEMENTS = TrailMatesATX.entitlements;
				CODE_SIGN_STYLE = Automatic;
				CURRENT_PROJECT_VERSION = 1;
				DEVELOPMENT_ASSET_PATHS = "\"TrailMates/Preview Content\"";
				ENABLE_PREVIEWS = YES;
				ENABLE_USER_SCRIPT_SANDBOXING = NO;
				FIREBASE_AUTH_URL_SCHEME = "app-1-1095294471657-ios-db7b33e63e3bd7c4eb8f78";
				GENERATE_INFOPLIST_FILE = YES;
				GOOGLE_API_KEY = AIzaSyCh9HAMvbBha5EdxUYthSeZ041tfllrcCI;
				INFOPLIST_FILE = TrailMates/App/Info.plist;
				INFOPLIST_KEY_CFBundleDisplayName = TrailMates;
				INFOPLIST_KEY_LSApplicationCategoryType = "public.app-category.lifestyle";
				INFOPLIST_KEY_LSSupportsOpeningDocumentsInPlace = NO;
				INFOPLIST_KEY_NSCameraUsageDescription = "TrailMates needs camera access to take your profile photo.";
				INFOPLIST_KEY_NSContactsUsageDescription = "TrailMates uses your contacts to help you find friends who already use the app.";
				INFOPLIST_KEY_NSLocationAlwaysAndWhenInUseUsageDescription = "TrailMates uses your location in the background to share your live position with friends while you're on the trail.";
				INFOPLIST_KEY_NSLocationWhenInUseUsageDescription = "TrailMates uses your location to show nearby friends and trail events.";
				INFOPLIST_KEY_UIApplicationSceneManifest_Generation = YES;
				INFOPLIST_KEY_UIApplicationSupportsIndirectInputEvents = YES;
				INFOPLIST_KEY_UILaunchScreen_Generation = YES;
				INFOPLIST_KEY_UISupportedInterfaceOrientations = UIInterfaceOrientationPortrait;
				INFOPLIST_KEY_UISupportedInterfaceOrientations_iPad = "UIInterfaceOrientationLandscapeLeft UIInterfaceOrientationLandscapeRight UIInterfaceOrientationPortrait UIInterfaceOrientationPortraitUpsideDown";
				INFOPLIST_KEY_UISupportedInterfaceOrientations_iPhone = UIInterfaceOrientationPortrait;
				LD_RUNPATH_SEARCH_PATHS = (
					"$(inherited)",
					"@executable_path/Frameworks",
				);
				MARKETING_VERSION = 1.0;
				PRODUCT_BUNDLE_IDENTIFIER = com.bridges.trailmatesatx;
				PRODUCT_NAME = "$(TARGET_NAME)";
				SUPPORTED_PLATFORMS = "iphoneos iphonesimulator";
				SUPPORTS_MACCATALYST = NO;
				SUPPORTS_MAC_DESIGNED_FOR_IPHONE_IPAD = NO;
				SUPPORTS_XR_DESIGNED_FOR_IPHONE_IPAD = NO;
				SWIFT_EMIT_LOC_STRINGS = YES;
				SWIFT_VERSION = 5.0;
				TARGETED_DEVICE_FAMILY = 1;
			};
			name = Release;
		};
		73266DD32CAEDBF80087B7A1 /* Debug */ = {
			isa = XCBuildConfiguration;
			buildSettings = {
				BUNDLE_LOADER = "$(TEST_HOST)";
				CODE_SIGN_STYLE = Automatic;
				CURRENT_PROJECT_VERSION = 1;
				GENERATE_INFOPLIST_FILE = YES;
				IPHONEOS_DEPLOYMENT_TARGET = 17.0;
				MARKETING_VERSION = 1.0;
				PRODUCT_BUNDLE_IDENTIFIER = bridges.trailmatesatxTests;
				PRODUCT_NAME = "$(TARGET_NAME)";
				SWIFT_EMIT_LOC_STRINGS = NO;
				SWIFT_VERSION = 5.0;
				TARGETED_DEVICE_FAMILY = "1,2";
				TEST_HOST = "$(BUILT_PRODUCTS_DIR)/TrailMatesATX.app/$(BUNDLE_EXECUTABLE_FOLDER_PATH)/TrailMatesATX";
			};
			name = Debug;
		};
		73266DD42CAEDBF80087B7A1 /* Release */ = {
			isa = XCBuildConfiguration;
			buildSettings = {
				BUNDLE_LOADER = "$(TEST_HOST)";
				CODE_SIGN_STYLE = Automatic;
				CURRENT_PROJECT_VERSION = 1;
				GENERATE_INFOPLIST_FILE = YES;
				IPHONEOS_DEPLOYMENT_TARGET = 17.0;
				MARKETING_VERSION = 1.0;
				PRODUCT_BUNDLE_IDENTIFIER = bridges.trailmatesatxTests;
				PRODUCT_NAME = "$(TARGET_NAME)";
				SWIFT_EMIT_LOC_STRINGS = NO;
				SWIFT_VERSION = 5.0;
				TARGETED_DEVICE_FAMILY = "1,2";
				TEST_HOST = "$(BUILT_PRODUCTS_DIR)/TrailMatesATX.app/$(BUNDLE_EXECUTABLE_FOLDER_PATH)/TrailMatesATX";
			};
			name = Release;
		};
		73266DD62CAEDBF80087B7A1 /* Debug */ = {
			isa = XCBuildConfiguration;
			buildSettings = {
				CODE_SIGN_STYLE = Automatic;
				CURRENT_PROJECT_VERSION = 1;
				GENERATE_INFOPLIST_FILE = YES;
				MARKETING_VERSION = 1.0;
				PRODUCT_BUNDLE_IDENTIFIER = Bridges.TrailMatesUITests;
				PRODUCT_NAME = "$(TARGET_NAME)";
				SWIFT_EMIT_LOC_STRINGS = NO;
				SWIFT_VERSION = 5.0;
				TARGETED_DEVICE_FAMILY = "1,2";
				TEST_TARGET_NAME = TrailMates;
				};
				name = Debug;
			};
		73266DD72CAEDBF80087B7A1 /* Release */ = {
			isa = XCBuildConfiguration;
			buildSettings = {
				CODE_SIGN_STYLE = Automatic;
				CURRENT_PROJECT_VERSION = 1;
				GENERATE_INFOPLIST_FILE = YES;
				MARKETING_VERSION = 1.0;
				PRODUCT_BUNDLE_IDENTIFIER = Bridges.TrailMatesUITests;
				PRODUCT_NAME = "$(TARGET_NAME)";
				SWIFT_EMIT_LOC_STRINGS = NO;
				SWIFT_VERSION = 5.0;
				TARGETED_DEVICE_FAMILY = "1,2";
				TEST_TARGET_NAME = TrailMates;
				};
				name = Release;
			};
/* End XCBuildConfiguration section */

/* Begin XCConfigurationList section */
		73266DA42CAEDBF60087B7A1 /* Build configuration list for PBXProject "TrailMatesATX" */ = {
			isa = XCConfigurationList;
			buildConfigurations = (
				73266DCD2CAEDBF80087B7A1 /* Debug */,
				73266DCE2CAEDBF80087B7A1 /* Release */,
			);
			defaultConfigurationIsVisible = 0;
			defaultConfigurationName = Release;
		};
		73266DCF2CAEDBF80087B7A1 /* Build configuration list for PBXNativeTarget "TrailMatesATX" */ = {
			isa = XCConfigurationList;
			buildConfigurations = (
				73266DD02CAEDBF80087B7A1 /* Debug */,
				73266DD12CAEDBF80087B7A1 /* Release */,
			);
			defaultConfigurationIsVisible = 0;
			defaultConfigurationName = Release;
		};
		73266DD22CAEDBF80087B7A1 /* Build configuration list for PBXNativeTarget "TrailMatesATXTests" */ = {
			isa = XCConfigurationList;
			buildConfigurations = (
				73266DD32CAEDBF80087B7A1 /* Debug */,
				73266DD42CAEDBF80087B7A1 /* Release */,
			);
			defaultConfigurationIsVisible = 0;
			defaultConfigurationName = Release;
		};
		73266DD52CAEDBF80087B7A1 /* Build configuration list for PBXNativeTarget "TrailMatesATXUITests" */ = {
			isa = XCConfigurationList;
			buildConfigurations = (
				73266DD62CAEDBF80087B7A1 /* Debug */,
				73266DD72CAEDBF80087B7A1 /* Release */,
			);
			defaultConfigurationIsVisible = 0;
			defaultConfigurationName = Release;
		};
/* End XCConfigurationList section */

/* Begin XCRemoteSwiftPackageReference section */
		736EC68A2D3C475E00664BA1 /* XCRemoteSwiftPackageReference "PhoneNumberKit" */ = {
			isa = XCRemoteSwiftPackageReference;
			repositoryURL = "https://github.com/marmelroy/PhoneNumberKit.git";
			requirement = {
				kind = upToNextMajorVersion;
				minimumVersion = 3.7.0;
			};
		};
		73C0986D2CB9B2A900477F4A /* XCRemoteSwiftPackageReference "firebase-ios-sdk" */ = {
			isa = XCRemoteSwiftPackageReference;
			repositoryURL = "https://github.com/firebase/firebase-ios-sdk";
			requirement = {
				kind = upToNextMajorVersion;
				minimumVersion = 11.3.0;
			};
		};
/* End XCRemoteSwiftPackageReference section */

/* Begin XCSwiftPackageProductDependency section */
		73611DDB2D01FD8F00868529 /* FirebaseFunctions */ = {
			isa = XCSwiftPackageProductDependency;
			package = 73C0986D2CB9B2A900477F4A /* XCRemoteSwiftPackageReference "firebase-ios-sdk" */;
			productName = FirebaseFunctions;
		};
		736EC68B2D3C475E00664BA1 /* PhoneNumberKit */ = {
			isa = XCSwiftPackageProductDependency;
			package = 736EC68A2D3C475E00664BA1 /* XCRemoteSwiftPackageReference "PhoneNumberKit" */;
			productName = PhoneNumberKit;
		};
		73C0986E2CB9B2A900477F4A /* FirebaseAnalyticsWithoutAdIdSupport */ = {
			isa = XCSwiftPackageProductDependency;
			package = 73C0986D2CB9B2A900477F4A /* XCRemoteSwiftPackageReference "firebase-ios-sdk" */;
			productName = FirebaseAnalyticsWithoutAdIdSupport;
		};
		73D868C52CED5F7000AF0CAD /* FirebaseAuth */ = {
			isa = XCSwiftPackageProductDependency;
			package = 73C0986D2CB9B2A900477F4A /* XCRemoteSwiftPackageReference "firebase-ios-sdk" */;
			productName = FirebaseAuth;
		};
		73D868C72CED5F7000AF0CAD /* FirebaseCore */ = {
			isa = XCSwiftPackageProductDependency;
			package = 73C0986D2CB9B2A900477F4A /* XCRemoteSwiftPackageReference "firebase-ios-sdk" */;
			productName = FirebaseCore;
		};
		73D868C92CED5F7000AF0CAD /* FirebaseDatabase */ = {
			isa = XCSwiftPackageProductDependency;
			package = 73C0986D2CB9B2A900477F4A /* XCRemoteSwiftPackageReference "firebase-ios-sdk" */;
			productName = FirebaseDatabase;
		};
		73D868CB2CED5F7000AF0CAD /* FirebaseFirestore */ = {
			isa = XCSwiftPackageProductDependency;
			package = 73C0986D2CB9B2A900477F4A /* XCRemoteSwiftPackageReference "firebase-ios-sdk" */;
			productName = FirebaseFirestore;
		};
		73D869952CF02DA000AF0CAD /* FirebaseStorage */ = {
			isa = XCSwiftPackageProductDependency;
			package = 73C0986D2CB9B2A900477F4A /* XCRemoteSwiftPackageReference "firebase-ios-sdk" */;
			productName = FirebaseStorage;
		};
/* End XCSwiftPackageProductDependency section */
	};
	rootObject = 73266DA12CAEDBF60087B7A1 /* Project object */;
}
